{
  "object": {
    "pins": [
      {
        "package": "AudioKit",
        "repositoryURL": "https://github.com/AudioKit/AudioKit",
        "state": {
          "branch": "main",
          "revision": "4203ffd9dc90f4a9f3e28892664cb0e0ea38cfc3",
          "version": null
        }
      },
      {
        "package": "Subsonic",
        "repositoryURL": "https://github.com/twostraws/Subsonic",
        "state": {
          "branch": null,
          "revision": "156c5742279df5d2315e29534a2410f418c8a772",
          "version": "0.2.0"
        }
      },
      {
        "package": "Tuna",
        "repositoryURL": "https://github.com/alladinian/Tuna",
        "state": {
          "branch": null,
          "revision": "a5b1e8d1c1549df3e90cc4b5f4148fda1d364777",
          "version": "0.9.0"
        }
      }
    ]
  },
  "version": 1
}
