{
  "object": {
    "pins": [
      {
        "package": "AudioKit",
        "repositoryURL": "https://github.com/AudioKit/AudioKit",
        "state": {
          "branch": "main",
          "revision": "4203ffd9dc90f4a9f3e28892664cb0e0ea38cfc3",
          "version": null
        }
      },
      {
        "package": "AudioKitUI",
        "repositoryURL": "https://github.com/AudioKit/AudioKitUI",
        "state": {
          "branch": "main",
          "revision": "5f04c0590141027ea1fc43fb60fd31e9a2f1b456",
          "version": null
        }
      },
      {
        "package": "KissFFT",
        "repositoryURL": "https://github.com/AudioKit/KissFFT",
        "state": {
          "branch": null,
          "revision": "dd0636e151724b8ba2e0908eba4d99a6ff24d00c",
          "version": "1.0.0"
        }
      },
      {
        "package": "SoundpipeAudioKit",
        "repositoryURL": "https://github.com/AudioKit/SoundpipeAudioKit",
        "state": {
          "branch": null,
          "revision": "3b92a11c31789073d1f48db8fa36ffa4b98a0dc7",
          "version": "5.2.2"
        }
      },
      {
        "package": "Subsonic",
        "repositoryURL": "https://github.com/twostraws/Subsonic",
        "state": {
          "branch": null,
          "revision": "156c5742279df5d2315e29534a2410f418c8a772",
          "version": "0.2.0"
        }
      }
    ]
  },
  "version": 1
}
