{
  "object": {
    "pins": [
      {
        "package": "Subsonic",
        "repositoryURL": "https://github.com/twostraws/Subsonic",
        "state": {
          "branch": null,
          "revision": "156c5742279df5d2315e29534a2410f418c8a772",
          "version": "0.2.0"
        }
      }
    ]
  },
  "version": 1
}
